
Microsoft Visual Studio Solution File, Format Version 12.00
# Visual Studio Version 16
VisualStudioVersion = 16.0.31424.327
MinimumVisualStudioVersion = 10.0.40219.1
Project("{FAE04EC0-301F-11D3-BF4B-00C04F79EFBC}") = "WindowsFormsApp1", "WindowsFormsApp1\WindowsFormsApp1.csproj", "{84F17934-A691-47AB-A1FA-0DE019A19DB2}"
EndProject
Project("{FAE04EC0-301F-11D3-BF4B-00C04F79EFBC}") = "UnitTestProject2", "UnitTestProject2\UnitTestProject2.csproj", "{822B4740-0C5F-470A-9168-25E3C7F07909}"
EndProject
Global
	GlobalSection(SolutionConfigurationPlatforms) = preSolution
		Debug|Any CPU = Debug|Any CPU
		Release|Any CPU = Release|Any CPU
	EndGlobalSection
	GlobalSection(ProjectConfigurationPlatforms) = postSolution
		{84F17934-A691-47AB-A1FA-0DE019A19DB2}.Debug|Any CPU.ActiveCfg = Debug|Any CPU
		{84F17934-A691-47AB-A1FA-0DE019A19DB2}.Debug|Any CPU.Build.0 = Debug|Any CPU
		{84F17934-A691-47AB-A1FA-0DE019A19DB2}.Release|Any CPU.ActiveCfg = Release|Any CPU
		{84F17934-A691-47AB-A1FA-0DE019A19DB2}.Release|Any CPU.Build.0 = Release|Any CPU
		{822B4740-0C5F-470A-9168-25E3C7F07909}.Debug|Any CPU.ActiveCfg = Debug|Any CPU
		{822B4740-0C5F-470A-9168-25E3C7F07909}.Debug|Any CPU.Build.0 = Debug|Any CPU
		{822B4740-0C5F-470A-9168-25E3C7F07909}.Release|Any CPU.ActiveCfg = Release|Any CPU
		{822B4740-0C5F-470A-9168-25E3C7F07909}.Release|Any CPU.Build.0 = Release|Any CPU
	EndGlobalSection
	GlobalSection(SolutionProperties) = preSolution
		HideSolutionNode = FALSE
	EndGlobalSection
	GlobalSection(ExtensibilityGlobals) = postSolution
		SolutionGuid = {6005BFD1-B75E-4A65-B697-8023488A3E81}
	EndGlobalSection
EndGlobal
